
Microsoft Visual Studio Solution File, Format Version 12.00
# Visual Studio Version 17
VisualStudioVersion = 17.4.33205.214
MinimumVisualStudioVersion = 10.0.40219.1
Project("{9A19103F-16F7-4668-BE54-9A1E7A4F7556}") = "Budgeting.Web.App", "Budgeting.Web.App\Budgeting.Web.App.csproj", "{2C77C496-D0DB-4F67-B2E8-BA495733A163}"
EndProject
Project("{2150E333-8FDC-42A3-9474-1A3956D46DE8}") = "Backend", "Backend", "{9EDA2FB4-1E76-4EE3-8CBD-94023913E4E2}"
EndProject
Project("{FAE04EC0-301F-11D3-BF4B-00C04F79EFBC}") = "Budgeting.App.Api", "Budgeting.App.Api\Budgeting.App.Api.csproj", "{A758DB86-A2E3-4410-8B61-DE0546508F18}"
EndProject
Project("{2150E333-8FDC-42A3-9474-1A3956D46DE8}") = "Frontend", "Frontend", "{582E119E-E46A-409B-829D-C793EC399D54}"
EndProject
Global
	GlobalSection(SolutionConfigurationPlatforms) = preSolution
		Debug|Any CPU = Debug|Any CPU
		Release|Any CPU = Release|Any CPU
	EndGlobalSection
	GlobalSection(ProjectConfigurationPlatforms) = postSolution
		{2C77C496-D0DB-4F67-B2E8-BA495733A163}.Debug|Any CPU.ActiveCfg = Debug|Any CPU
		{2C77C496-D0DB-4F67-B2E8-BA495733A163}.Debug|Any CPU.Build.0 = Debug|Any CPU
		{2C77C496-D0DB-4F67-B2E8-BA495733A163}.Release|Any CPU.ActiveCfg = Release|Any CPU
		{2C77C496-D0DB-4F67-B2E8-BA495733A163}.Release|Any CPU.Build.0 = Release|Any CPU
		{A758DB86-A2E3-4410-8B61-DE0546508F18}.Debug|Any CPU.ActiveCfg = Debug|Any CPU
		{A758DB86-A2E3-4410-8B61-DE0546508F18}.Debug|Any CPU.Build.0 = Debug|Any CPU
		{A758DB86-A2E3-4410-8B61-DE0546508F18}.Release|Any CPU.ActiveCfg = Release|Any CPU
		{A758DB86-A2E3-4410-8B61-DE0546508F18}.Release|Any CPU.Build.0 = Release|Any CPU
	EndGlobalSection
	GlobalSection(SolutionProperties) = preSolution
		HideSolutionNode = FALSE
	EndGlobalSection
	GlobalSection(NestedProjects) = preSolution
		{2C77C496-D0DB-4F67-B2E8-BA495733A163} = {582E119E-E46A-409B-829D-C793EC399D54}
		{A758DB86-A2E3-4410-8B61-DE0546508F18} = {9EDA2FB4-1E76-4EE3-8CBD-94023913E4E2}
	EndGlobalSection
	GlobalSection(ExtensibilityGlobals) = postSolution
		SolutionGuid = {C4C71612-CF29-4DEC-91EC-3307AC4916C1}
	EndGlobalSection
EndGlobal
